
Microsoft Visual Studio Solution File, Format Version 12.00
# Visual Studio Version 17
VisualStudioVersion = 17.10.35122.118
MinimumVisualStudioVersion = 10.0.40219.1
Project("{9A19103F-16F7-4668-BE54-9A1E7A4F7556}") = "BlazorEcommerceNEW", "BlazorEcommerceNEW\BlazorEcommerceNEW\BlazorEcommerceNEW.csproj", "{9ABEA721-847F-4B53-B4AB-5163EF584DAD}"
EndProject
Project("{9A19103F-16F7-4668-BE54-9A1E7A4F7556}") = "BlazorEcommerceNEW.Client", "BlazorEcommerceNEW\BlazorEcommerceNEW.Client\BlazorEcommerceNEW.Client.csproj", "{65714345-9853-41B0-9DD6-279DCB6D5F7B}"
EndProject
Project("{9A19103F-16F7-4668-BE54-9A1E7A4F7556}") = "BlazorEcommerceNEW.Shared", "BlazorEcommerceNEW.Shared\BlazorEcommerceNEW.Shared.csproj", "{E0395BF3-123B-4B1D-A625-41BE5BDEB335}"
EndProject
Global
	GlobalSection(SolutionConfigurationPlatforms) = preSolution
		Debug|Any CPU = Debug|Any CPU
		Release|Any CPU = Release|Any CPU
	EndGlobalSection
	GlobalSection(ProjectConfigurationPlatforms) = postSolution
		{9ABEA721-847F-4B53-B4AB-5163EF584DAD}.Debug|Any CPU.ActiveCfg = Debug|Any CPU
		{9ABEA721-847F-4B53-B4AB-5163EF584DAD}.Debug|Any CPU.Build.0 = Debug|Any CPU
		{9ABEA721-847F-4B53-B4AB-5163EF584DAD}.Release|Any CPU.ActiveCfg = Release|Any CPU
		{9ABEA721-847F-4B53-B4AB-5163EF584DAD}.Release|Any CPU.Build.0 = Release|Any CPU
		{65714345-9853-41B0-9DD6-279DCB6D5F7B}.Debug|Any CPU.ActiveCfg = Debug|Any CPU
		{65714345-9853-41B0-9DD6-279DCB6D5F7B}.Debug|Any CPU.Build.0 = Debug|Any CPU
		{65714345-9853-41B0-9DD6-279DCB6D5F7B}.Release|Any CPU.ActiveCfg = Release|Any CPU
		{65714345-9853-41B0-9DD6-279DCB6D5F7B}.Release|Any CPU.Build.0 = Release|Any CPU
		{E0395BF3-123B-4B1D-A625-41BE5BDEB335}.Debug|Any CPU.ActiveCfg = Debug|Any CPU
		{E0395BF3-123B-4B1D-A625-41BE5BDEB335}.Debug|Any CPU.Build.0 = Debug|Any CPU
		{E0395BF3-123B-4B1D-A625-41BE5BDEB335}.Release|Any CPU.ActiveCfg = Release|Any CPU
		{E0395BF3-123B-4B1D-A625-41BE5BDEB335}.Release|Any CPU.Build.0 = Release|Any CPU
	EndGlobalSection
	GlobalSection(SolutionProperties) = preSolution
		HideSolutionNode = FALSE
	EndGlobalSection
	GlobalSection(ExtensibilityGlobals) = postSolution
		SolutionGuid = {0205B1E6-00A4-406E-8028-8BAC20BDF4DD}
	EndGlobalSection
EndGlobal
